
Microsoft Visual Studio Solution File, Format Version 12.00
# Visual Studio Version 16
VisualStudioVersion = 16.0.31911.196
MinimumVisualStudioVersion = 10.0.40219.1
Project("{FAE04EC0-301F-11D3-BF4B-00C04F79EFBC}") = "MOD", "MOD\MOD.csproj", "{B5B2C70F-C411-40EB-AF94-3BE483060642}"
EndProject
Project("{FAE04EC0-301F-11D3-BF4B-00C04F79EFBC}") = "ModLibrary", "ModLibrary\ModLibrary.csproj", "{BE036236-2DBD-4783-A891-526FA44BFAF1}"
EndProject
Global
	GlobalSection(SolutionConfigurationPlatforms) = preSolution
		Debug|Any CPU = Debug|Any CPU
		Release|Any CPU = Release|Any CPU
	EndGlobalSection
	GlobalSection(ProjectConfigurationPlatforms) = postSolution
		{B5B2C70F-C411-40EB-AF94-3BE483060642}.Debug|Any CPU.ActiveCfg = Debug|Any CPU
		{B5B2C70F-C411-40EB-AF94-3BE483060642}.Debug|Any CPU.Build.0 = Debug|Any CPU
		{B5B2C70F-C411-40EB-AF94-3BE483060642}.Release|Any CPU.ActiveCfg = Release|Any CPU
		{B5B2C70F-C411-40EB-AF94-3BE483060642}.Release|Any CPU.Build.0 = Release|Any CPU
		{BE036236-2DBD-4783-A891-526FA44BFAF1}.Debug|Any CPU.ActiveCfg = Debug|Any CPU
		{BE036236-2DBD-4783-A891-526FA44BFAF1}.Debug|Any CPU.Build.0 = Debug|Any CPU
		{BE036236-2DBD-4783-A891-526FA44BFAF1}.Release|Any CPU.ActiveCfg = Release|Any CPU
		{BE036236-2DBD-4783-A891-526FA44BFAF1}.Release|Any CPU.Build.0 = Release|Any CPU
	EndGlobalSection
	GlobalSection(SolutionProperties) = preSolution
		HideSolutionNode = FALSE
	EndGlobalSection
	GlobalSection(ExtensibilityGlobals) = postSolution
		SolutionGuid = {39040294-1314-4939-AF58-71344E5482E1}
	EndGlobalSection
EndGlobal
